
Microsoft Visual Studio Solution File, Format Version 12.00
# Visual Studio Version 17
VisualStudioVersion = 17.0.31903.59
MinimumVisualStudioVersion = 10.0.40219.1
Project("{FAE04EC0-301F-11D3-BF4B-00C04F79EFBC}") = "phenomenal.penguins.Api", "phenomenal.penguins.Api\phenomenal.penguins.Api.csproj", "{28A6157F-EAAE-4C10-9DCB-6698B2A3441D}"
EndProject
Project("{FAE04EC0-301F-11D3-BF4B-00C04F79EFBC}") = "phenomenal.penguins.Domain", "phenomenal.penguins.Domain\phenomenal.penguins.Domain.csproj", "{83AE8EB0-27DA-42BB-A793-7FD1B5F3C3CD}"
EndProject
Global
	GlobalSection(SolutionConfigurationPlatforms) = preSolution
		Debug|Any CPU = Debug|Any CPU
		Release|Any CPU = Release|Any CPU
	EndGlobalSection
	GlobalSection(SolutionProperties) = preSolution
		HideSolutionNode = FALSE
	EndGlobalSection
	GlobalSection(ProjectConfigurationPlatforms) = postSolution
		{28A6157F-EAAE-4C10-9DCB-6698B2A3441D}.Debug|Any CPU.ActiveCfg = Debug|Any CPU
		{28A6157F-EAAE-4C10-9DCB-6698B2A3441D}.Debug|Any CPU.Build.0 = Debug|Any CPU
		{28A6157F-EAAE-4C10-9DCB-6698B2A3441D}.Release|Any CPU.ActiveCfg = Release|Any CPU
		{28A6157F-EAAE-4C10-9DCB-6698B2A3441D}.Release|Any CPU.Build.0 = Release|Any CPU
		{83AE8EB0-27DA-42BB-A793-7FD1B5F3C3CD}.Debug|Any CPU.ActiveCfg = Debug|Any CPU
		{83AE8EB0-27DA-42BB-A793-7FD1B5F3C3CD}.Debug|Any CPU.Build.0 = Debug|Any CPU
		{83AE8EB0-27DA-42BB-A793-7FD1B5F3C3CD}.Release|Any CPU.ActiveCfg = Release|Any CPU
		{83AE8EB0-27DA-42BB-A793-7FD1B5F3C3CD}.Release|Any CPU.Build.0 = Release|Any CPU
	EndGlobalSection
EndGlobal
