
Microsoft Visual Studio Solution File, Format Version 12.00
# Visual Studio Version 17
VisualStudioVersion = 17.0.31903.59
MinimumVisualStudioVersion = 10.0.40219.1
Project("{FAE04EC0-301F-11D3-BF4B-00C04F79EFBC}") = "phenomenal.penguins.Api", "phenomenal.penguins.Api\phenomenal.penguins.Api.csproj", "{63A20F7A-A7EA-4272-AE49-ACEF44D06EA6}"
EndProject
Project("{FAE04EC0-301F-11D3-BF4B-00C04F79EFBC}") = "phenomenal.penguins.Domain", "phenomenal.penguins.Domain\phenomenal.penguins.Domain.csproj", "{B6D8B669-83FF-465A-953E-ED95717B3003}"
EndProject
Project("{FAE04EC0-301F-11D3-BF4B-00C04F79EFBC}") = "phenomenal.penguins.Data", "phenomenal.penguins.Data\phenomenal.penguins.Data.csproj", "{3A40C801-83C1-4711-9E41-05615BBED512}"
EndProject
Project("{2150E333-8FDC-42A3-9474-1A3956D46DE8}") = "tests", "tests", "{C0647BBF-F2A4-4D10-AB97-18098DBC342B}"
EndProject
Project("{FAE04EC0-301F-11D3-BF4B-00C04F79EFBC}") = "phenomenal.penguins.Domain.Tests", "tests\phenomenal.penguins.Domain.Tests\phenomenal.penguins.Domain.Tests.csproj", "{2CC2A4F8-9E98-4A75-8459-12573E6D74E6}"
EndProject
Global
	GlobalSection(SolutionConfigurationPlatforms) = preSolution
		Debug|Any CPU = Debug|Any CPU
		Release|Any CPU = Release|Any CPU
	EndGlobalSection
	GlobalSection(SolutionProperties) = preSolution
		HideSolutionNode = FALSE
	EndGlobalSection
	GlobalSection(ProjectConfigurationPlatforms) = postSolution
		{63A20F7A-A7EA-4272-AE49-ACEF44D06EA6}.Debug|Any CPU.ActiveCfg = Debug|Any CPU
		{63A20F7A-A7EA-4272-AE49-ACEF44D06EA6}.Debug|Any CPU.Build.0 = Debug|Any CPU
		{63A20F7A-A7EA-4272-AE49-ACEF44D06EA6}.Release|Any CPU.ActiveCfg = Release|Any CPU
		{63A20F7A-A7EA-4272-AE49-ACEF44D06EA6}.Release|Any CPU.Build.0 = Release|Any CPU
		{B6D8B669-83FF-465A-953E-ED95717B3003}.Debug|Any CPU.ActiveCfg = Debug|Any CPU
		{B6D8B669-83FF-465A-953E-ED95717B3003}.Debug|Any CPU.Build.0 = Debug|Any CPU
		{B6D8B669-83FF-465A-953E-ED95717B3003}.Release|Any CPU.ActiveCfg = Release|Any CPU
		{B6D8B669-83FF-465A-953E-ED95717B3003}.Release|Any CPU.Build.0 = Release|Any CPU
		{3A40C801-83C1-4711-9E41-05615BBED512}.Debug|Any CPU.ActiveCfg = Debug|Any CPU
		{3A40C801-83C1-4711-9E41-05615BBED512}.Debug|Any CPU.Build.0 = Debug|Any CPU
		{3A40C801-83C1-4711-9E41-05615BBED512}.Release|Any CPU.ActiveCfg = Release|Any CPU
		{3A40C801-83C1-4711-9E41-05615BBED512}.Release|Any CPU.Build.0 = Release|Any CPU
		{2CC2A4F8-9E98-4A75-8459-12573E6D74E6}.Debug|Any CPU.ActiveCfg = Debug|Any CPU
		{2CC2A4F8-9E98-4A75-8459-12573E6D74E6}.Debug|Any CPU.Build.0 = Debug|Any CPU
		{2CC2A4F8-9E98-4A75-8459-12573E6D74E6}.Release|Any CPU.ActiveCfg = Release|Any CPU
		{2CC2A4F8-9E98-4A75-8459-12573E6D74E6}.Release|Any CPU.Build.0 = Release|Any CPU
	EndGlobalSection
	GlobalSection(NestedProjects) = preSolution
		{2CC2A4F8-9E98-4A75-8459-12573E6D74E6} = {C0647BBF-F2A4-4D10-AB97-18098DBC342B}
	EndGlobalSection
EndGlobal
